uuid: d3863df2-9c34-4e9c-a48a-25adab035674
langcode: fi
status: true
dependencies:
  config:
    - system.menu.main
  module:
    - block_class
    - system
  theme:
    - palvelumanuaali
id: helper_menu_block
theme: palvelumanuaali
region: lowerheader
weight: 0
provider: null
plugin: 'system_menu_block:main'
settings:
  id: 'system_menu_block:main'
  label: 'Menu helper block'
  label_display: '0'
  provider: system
  level: 2
  depth: 1
  expand_all_items: false
visibility: {  }
