uuid: 9a5b627e-e466-4ccf-8137-c335b3673687
langcode: fi
status: true
dependencies:
  module:
    - system
  theme:
    - palvelumanuaali
id: system_main_block
theme: palvelumanuaali
region: content
weight: -3
provider: null
plugin: system_main_block
settings:
  id: system_main_block
  label: 'Pääsivun sisältö'
  label_display: '0'
  provider: system
visibility: {  }
