uuid: d49cadae-5bfd-474f-8214-0b82e1725669
langcode: fi
status: true
dependencies:
  module:
    - eu_cookie_compliance
    - system
  theme:
    - palvelumanuaali
id: eucookiecomplianceblock
theme: palvelumanuaali
region: content
weight: 6
provider: null
plugin: eu_cookie_compliance_block
settings:
  id: eu_cookie_compliance_block
  label: 'EU Cookie Compliance Block'
  label_display: '0'
  provider: eu_cookie_compliance
  eu_cookie_compliance_block_settings:
    description:
      value: ''
      format: filtered_html
visibility:
  request_path:
    id: request_path
    negate: false
    pages: /evasteet
