uuid: 756b786f-af7b-4c12-9e56-fe370f838141
langcode: fi
status: true
dependencies:
  config:
    - views.view.services
  module:
    - block_class
    - system
    - user
    - views
  theme:
    - palvelumanuaali
third_party_settings:
  block_class:
    classes: 'col-12 col-xl-6 block-last-updated-services-table'
id: views_block__services_last_updated_table_block
theme: palvelumanuaali
region: content
weight: 5
provider: null
plugin: 'views_block:services-last_updated_table_block'
settings:
  id: 'views_block:services-last_updated_table_block'
  label: ''
  label_display: visible
  provider: views
  views_label: ''
  items_per_page: none
visibility:
  request_path:
    id: request_path
    negate: false
    pages: "/henkilostolle\r\n/arbetsformedlingens-personal\r\n/employment-services-personnel\r\n/palveluntuottajalle\r\n/tjansteleverantorer\r\n/service-provider"
  user_role:
    id: user_role
    negate: false
    context_mapping:
      user: '@user.current_user_context:current_user'
    roles:
      root: root
      admin: admin
      editor: editor
      specialist: specialist
      specialist_editor: specialist_editor
