uuid: ff6a8f88-1ee4-4c08-88eb-186e6a8ecc3a
langcode: fi
status: true
dependencies:
  module:
    - block_class
    - context
    - hel_tpm_print_pdf
    - system
  theme:
    - palvelumanuaali
third_party_settings:
  block_class:
    classes: null
id: hel_print_pdf_block
theme: palvelumanuaali
region: content
weight: -3
provider: null
plugin: hel_print_pdf_block
settings:
  id: hel_print_pdf_block
  label: 'Print pdf block'
  label_display: '0'
  provider: hel_tpm_print_pdf
visibility:
  context_all:
    id: context_all
    negate: null
    values: ''
  context:
    id: context
    negate: null
    values: ''
  user_status:
    id: user_status
    negate: false
    context_mapping:
      user: '@user.current_user_context:current_user'
    user_status:
      viewing_profile: '0'
      logged_viewing_profile: '0'
      own_page_true: '0'
      field_value: '0'
    user_fields: uid
  request_path:
    id: request_path
    negate: false
    pages: "*/search*\r\n*/haku*"
