uuid: 865d79b8-1071-4075-84bd-8d732efd2ea3
langcode: fi
status: true
dependencies:
  module:
    - block_class
  theme:
    - palvelumanuaali
third_party_settings:
  block_class:
    classes: local-actions-block
id: local_actions_block
theme: palvelumanuaali
region: content
weight: -7
provider: null
plugin: local_actions_block
settings:
  id: local_actions_block
  label: 'Ensisijaiset ylläpidon toimenpiteet'
  label_display: '0'
  provider: core
visibility: {  }
